
Microsoft Visual Studio Solution File, Format Version 12.00
# Visual Studio Version 17
VisualStudioVersion = 17.13.35931.197
MinimumVisualStudioVersion = 10.0.40219.1
Project("{FAE04EC0-301F-11D3-BF4B-00C04F79EFBC}") = "Ex01_01", "Ex01_01\Ex01_01.csproj", "{6F33A97F-FDA8-43B3-80CD-B064C3B2FD46}"
EndProject
Project("{FAE04EC0-301F-11D3-BF4B-00C04F79EFBC}") = "Ex01_02", "Ex01_02\Ex01_02.csproj", "{9DEFA3B7-9623-4677-A314-D2BEA3322F2D}"
EndProject
Project("{FAE04EC0-301F-11D3-BF4B-00C04F79EFBC}") = "Ex01_03", "Ex01_03\Ex01_03.csproj", "{262ACF0E-AD98-405E-9D88-F8BD68BCF5E8}"
EndProject
Project("{FAE04EC0-301F-11D3-BF4B-00C04F79EFBC}") = "Ex01_04", "Ex01_04\Ex01_04.csproj", "{53053A2A-8BAF-4692-AF3A-9F4E80CB58EE}"
EndProject
Project("{FAE04EC0-301F-11D3-BF4B-00C04F79EFBC}") = "Ex01_05", "Ex01_05\Ex01_05.csproj", "{DB1E39F0-737C-4DEE-A994-450569F8A29F}"
EndProject
Global
	GlobalSection(SolutionConfigurationPlatforms) = preSolution
		Debug|Any CPU = Debug|Any CPU
		Release|Any CPU = Release|Any CPU
	EndGlobalSection
	GlobalSection(ProjectConfigurationPlatforms) = postSolution
		{6F33A97F-FDA8-43B3-80CD-B064C3B2FD46}.Debug|Any CPU.ActiveCfg = Debug|Any CPU
		{6F33A97F-FDA8-43B3-80CD-B064C3B2FD46}.Debug|Any CPU.Build.0 = Debug|Any CPU
		{6F33A97F-FDA8-43B3-80CD-B064C3B2FD46}.Release|Any CPU.ActiveCfg = Release|Any CPU
		{6F33A97F-FDA8-43B3-80CD-B064C3B2FD46}.Release|Any CPU.Build.0 = Release|Any CPU
		{9DEFA3B7-9623-4677-A314-D2BEA3322F2D}.Debug|Any CPU.ActiveCfg = Debug|Any CPU
		{9DEFA3B7-9623-4677-A314-D2BEA3322F2D}.Debug|Any CPU.Build.0 = Debug|Any CPU
		{9DEFA3B7-9623-4677-A314-D2BEA3322F2D}.Release|Any CPU.ActiveCfg = Release|Any CPU
		{9DEFA3B7-9623-4677-A314-D2BEA3322F2D}.Release|Any CPU.Build.0 = Release|Any CPU
		{262ACF0E-AD98-405E-9D88-F8BD68BCF5E8}.Debug|Any CPU.ActiveCfg = Debug|Any CPU
		{262ACF0E-AD98-405E-9D88-F8BD68BCF5E8}.Debug|Any CPU.Build.0 = Debug|Any CPU
		{262ACF0E-AD98-405E-9D88-F8BD68BCF5E8}.Release|Any CPU.ActiveCfg = Release|Any CPU
		{262ACF0E-AD98-405E-9D88-F8BD68BCF5E8}.Release|Any CPU.Build.0 = Release|Any CPU
		{53053A2A-8BAF-4692-AF3A-9F4E80CB58EE}.Debug|Any CPU.ActiveCfg = Debug|Any CPU
		{53053A2A-8BAF-4692-AF3A-9F4E80CB58EE}.Debug|Any CPU.Build.0 = Debug|Any CPU
		{53053A2A-8BAF-4692-AF3A-9F4E80CB58EE}.Release|Any CPU.ActiveCfg = Release|Any CPU
		{53053A2A-8BAF-4692-AF3A-9F4E80CB58EE}.Release|Any CPU.Build.0 = Release|Any CPU
		{DB1E39F0-737C-4DEE-A994-450569F8A29F}.Debug|Any CPU.ActiveCfg = Debug|Any CPU
		{DB1E39F0-737C-4DEE-A994-450569F8A29F}.Debug|Any CPU.Build.0 = Debug|Any CPU
		{DB1E39F0-737C-4DEE-A994-450569F8A29F}.Release|Any CPU.ActiveCfg = Release|Any CPU
		{DB1E39F0-737C-4DEE-A994-450569F8A29F}.Release|Any CPU.Build.0 = Release|Any CPU
	EndGlobalSection
	GlobalSection(SolutionProperties) = preSolution
		HideSolutionNode = FALSE
	EndGlobalSection
	GlobalSection(ExtensibilityGlobals) = postSolution
		SolutionGuid = {1ED2E3DC-A6A3-483D-835E-D8B2AE3D344E}
	EndGlobalSection
EndGlobal
